
Microsoft Visual Studio Solution File, Format Version 12.00
# Visual Studio Version 16
VisualStudioVersion = 16.0.30320.27
MinimumVisualStudioVersion = 10.0.40219.1
Project("{FAE04EC0-301F-11D3-BF4B-00C04F79EFBC}") = "ADFS Demo2", "ADFS Demo2\ADFS Demo2.csproj", "{5034037F-16D4-44C5-BD21-8553C0BB545B}"
EndProject
Global
	GlobalSection(SolutionConfigurationPlatforms) = preSolution
		Debug|Any CPU = Debug|Any CPU
		Release|Any CPU = Release|Any CPU
	EndGlobalSection
	GlobalSection(ProjectConfigurationPlatforms) = postSolution
		{5034037F-16D4-44C5-BD21-8553C0BB545B}.Debug|Any CPU.ActiveCfg = Debug|Any CPU
		{5034037F-16D4-44C5-BD21-8553C0BB545B}.Debug|Any CPU.Build.0 = Debug|Any CPU
		{5034037F-16D4-44C5-BD21-8553C0BB545B}.Release|Any CPU.ActiveCfg = Release|Any CPU
		{5034037F-16D4-44C5-BD21-8553C0BB545B}.Release|Any CPU.Build.0 = Release|Any CPU
	EndGlobalSection
	GlobalSection(SolutionProperties) = preSolution
		HideSolutionNode = FALSE
	EndGlobalSection
	GlobalSection(ExtensibilityGlobals) = postSolution
		SolutionGuid = {23676F91-8ADB-437D-B58E-FB5F3A532AC5}
	EndGlobalSection
EndGlobal
